
Microsoft Visual Studio Solution File, Format Version 11.00
# Visual Studio 2010
Project("{FAE04EC0-301F-11D3-BF4B-00C04F79EFBC}") = "OriBrainLearnerGui", "OriBrainLearner\OriBrainLearnerGui.csproj", "{EC457219-819C-464D-B12D-D41AE65ABA10}"
	ProjectSection(ProjectDependencies) = postProject
		{9A2EB31F-4416-4148-A8C6-61A564119B74} = {9A2EB31F-4416-4148-A8C6-61A564119B74}
		{88902935-2189-4323-8210-968DC5AA925E} = {88902935-2189-4323-8210-968DC5AA925E}
		{79681451-7345-48C2-86EC-13AEEB3DD52B} = {79681451-7345-48C2-86EC-13AEEB3DD52B}
		{ADD73688-9BD8-41D4-8BA1-8AE65F1FD2D4} = {ADD73688-9BD8-41D4-8BA1-8AE65F1FD2D4}
		{2989E29C-066E-445A-8A09-8D07FDA36055} = {2989E29C-066E-445A-8A09-8D07FDA36055}
		{8E2CC3B7-A199-43E6-ADF5-102CA47E34D6} = {8E2CC3B7-A199-43E6-ADF5-102CA47E34D6}
		{9881C7BE-3392-46CF-B6B4-40BAE8DDAC03} = {9881C7BE-3392-46CF-B6B4-40BAE8DDAC03}
	EndProjectSection
EndProject
Project("{FAE04EC0-301F-11D3-BF4B-00C04F79EFBC}") = "JLib.LibSVM", "LibSVM\JLib.LibSVM\JLib.LibSVM.csproj", "{CE4E030B-7383-4944-ADB5-BF8223261418}"
	ProjectSection(ProjectDependencies) = postProject
		{ADD73688-9BD8-41D4-8BA1-8AE65F1FD2D4} = {ADD73688-9BD8-41D4-8BA1-8AE65F1FD2D4}
	EndProjectSection
EndProject
Project("{FAE04EC0-301F-11D3-BF4B-00C04F79EFBC}") = "libSVMWrapper", "LibSVMWrapper\libSVMWrapper\libSVMWrapper.csproj", "{7691D0B0-52FA-430E-B87C-EBE1E8D4B825}"
	ProjectSection(ProjectDependencies) = postProject
		{CE4E030B-7383-4944-ADB5-BF8223261418} = {CE4E030B-7383-4944-ADB5-BF8223261418}
		{ADD73688-9BD8-41D4-8BA1-8AE65F1FD2D4} = {ADD73688-9BD8-41D4-8BA1-8AE65F1FD2D4}
	EndProjectSection
EndProject
Project("{FAE04EC0-301F-11D3-BF4B-00C04F79EFBC}") = "matlabTest", "matlabTest\matlabTest.csproj", "{95D920F0-91B9-4FDF-8FBF-44B0880085E8}"
EndProject
Project("{FAE04EC0-301F-11D3-BF4B-00C04F79EFBC}") = "OriBrainLearnerCore", "OriBrainLearnerCore\OriBrainLearnerCore.csproj", "{FF9407FE-FF14-4766-AD81-6C2384F9004E}"
	ProjectSection(ProjectDependencies) = postProject
		{88902935-2189-4323-8210-968DC5AA925E} = {88902935-2189-4323-8210-968DC5AA925E}
		{79681451-7345-48C2-86EC-13AEEB3DD52B} = {79681451-7345-48C2-86EC-13AEEB3DD52B}
		{ADD73688-9BD8-41D4-8BA1-8AE65F1FD2D4} = {ADD73688-9BD8-41D4-8BA1-8AE65F1FD2D4}
		{2989E29C-066E-445A-8A09-8D07FDA36055} = {2989E29C-066E-445A-8A09-8D07FDA36055}
		{8E2CC3B7-A199-43E6-ADF5-102CA47E34D6} = {8E2CC3B7-A199-43E6-ADF5-102CA47E34D6}
	EndProjectSection
EndProject
Project("{FAE04EC0-301F-11D3-BF4B-00C04F79EFBC}") = "MatlabGLM", "MatlabGLM\MatlabGLM.csproj", "{9881C7BE-3392-46CF-B6B4-40BAE8DDAC03}"
EndProject
Project("{FAE04EC0-301F-11D3-BF4B-00C04F79EFBC}") = "MatlabGL_MWarray", "MatlabGLMOriginal\MatlabGL_MWarray.csproj", "{31173479-3AC6-45F4-8225-DF34B0DA25C2}"
EndProject
Project("{FAE04EC0-301F-11D3-BF4B-00C04F79EFBC}") = "MWArray", "..\mwarray\MWArray.csproj", "{3DB110FE-BC00-4569-9F78-2B3F41F5BCD3}"
EndProject
Project("{FAE04EC0-301F-11D3-BF4B-00C04F79EFBC}") = "AsyncPipes", "AsyncPipeLib\AsyncPipes.csproj", "{88902935-2189-4323-8210-968DC5AA925E}"
EndProject
Project("{FAE04EC0-301F-11D3-BF4B-00C04F79EFBC}") = "PublicDomain", "D:\Program Files (x86)\Public Domain\PublicDomain.csproj", "{DB173085-8CC4-4C49-8AA4-328442ABC887}"
EndProject
Project("{8BC9CEB8-8B4A-11D0-8D11-00A0C91BC942}") = "libsvm", "LibSVM\libsvm\libsvm.vcxproj", "{ADD73688-9BD8-41D4-8BA1-8AE65F1FD2D4}"
EndProject
Project("{FAE04EC0-301F-11D3-BF4B-00C04F79EFBC}") = "NetSVMLight", "NetSVMLight\NetSVMLight\NetSVMLight.csproj", "{C11F1AF4-0FF7-453D-B8D0-A9A802BF9900}"
EndProject
Project("{FAE04EC0-301F-11D3-BF4B-00C04F79EFBC}") = "NetSVMLightConsoleApplication1", "NetSVMLight\NetSVMLightConsoleApplication1\NetSVMLightConsoleApplication1.csproj", "{57D8D038-070C-4736-8AFD-7573166FC48B}"
EndProject
Project("{8BC9CEB8-8B4A-11D0-8D11-00A0C91BC942}") = "libsvm_train_dense_gpu", "libsvm_3.0_dense\libsvm_train_dense_gpu\libsvm_train_dense_gpu.vcxproj", "{80730853-7F34-44C7-BBF7-496977A4C14F}"
EndProject
Project("{2150E333-8FDC-42A3-9474-1A3956D46DE8}") = "unloaded Projects", "unloaded Projects", "{EFB8ADDE-C1B4-4041-9059-BD7D4917C52C}"
EndProject
Project("{2150E333-8FDC-42A3-9474-1A3956D46DE8}") = "NetSVMLight_", "NetSVMLight_", "{7905A2B8-4DEC-426B-8AD6-A6D452F6D27D}"
EndProject
Project("{FAE04EC0-301F-11D3-BF4B-00C04F79EFBC}") = "DicomImageViewer", "DicomImageViewer\DicomImageViewer\DicomImageViewer.csproj", "{79681451-7345-48C2-86EC-13AEEB3DD52B}"
EndProject
Project("{FAE04EC0-301F-11D3-BF4B-00C04F79EFBC}") = "WekaWrapper", "WekaApi\WekaApi\WekaWrapper.csproj", "{8E2CC3B7-A199-43E6-ADF5-102CA47E34D6}"
EndProject
Project("{FAE04EC0-301F-11D3-BF4B-00C04F79EFBC}") = "IronPythonDLL", "IronPythonDLL\IronPythonDLL\IronPythonDLL.csproj", "{9A2EB31F-4416-4148-A8C6-61A564119B74}"
EndProject
Project("{FAE04EC0-301F-11D3-BF4B-00C04F79EFBC}") = "StringTokenizer", "StringTokenizer_src\StringTokenizer\StringTokenizer.csproj", "{4B4B8518-CC88-44FE-9D99-F8AAEC0EB499}"
EndProject
Project("{FAE04EC0-301F-11D3-BF4B-00C04F79EFBC}") = "svm-scale", "svm-scale-csharp\svm-scale-csharp\svm-scale.csproj", "{2989E29C-066E-445A-8A09-8D07FDA36055}"
EndProject
Global
	GlobalSection(SolutionConfigurationPlatforms) = preSolution
		Debug|Any CPU = Debug|Any CPU
		Debug|Itanium = Debug|Itanium
		Debug|Mixed Platforms = Debug|Mixed Platforms
		Debug|Win32 = Debug|Win32
		Debug|x64 = Debug|x64
		Debug|x86 = Debug|x86
		Release|Any CPU = Release|Any CPU
		Release|Itanium = Release|Itanium
		Release|Mixed Platforms = Release|Mixed Platforms
		Release|Win32 = Release|Win32
		Release|x64 = Release|x64
		Release|x86 = Release|x86
		Test|Any CPU = Test|Any CPU
		Test|Itanium = Test|Itanium
		Test|Mixed Platforms = Test|Mixed Platforms
		Test|Win32 = Test|Win32
		Test|x64 = Test|x64
		Test|x86 = Test|x86
	EndGlobalSection
	GlobalSection(ProjectConfigurationPlatforms) = postSolution
		{EC457219-819C-464D-B12D-D41AE65ABA10}.Debug|Any CPU.ActiveCfg = Debug|x86
		{EC457219-819C-464D-B12D-D41AE65ABA10}.Debug|Itanium.ActiveCfg = Debug|x64
		{EC457219-819C-464D-B12D-D41AE65ABA10}.Debug|Mixed Platforms.ActiveCfg = Debug|x86
		{EC457219-819C-464D-B12D-D41AE65ABA10}.Debug|Mixed Platforms.Build.0 = Debug|x86
		{EC457219-819C-464D-B12D-D41AE65ABA10}.Debug|Win32.ActiveCfg = Debug|x86
		{EC457219-819C-464D-B12D-D41AE65ABA10}.Debug|Win32.Build.0 = Debug|x86
		{EC457219-819C-464D-B12D-D41AE65ABA10}.Debug|x64.ActiveCfg = Debug|x64
		{EC457219-819C-464D-B12D-D41AE65ABA10}.Debug|x64.Build.0 = Debug|x64
		{EC457219-819C-464D-B12D-D41AE65ABA10}.Debug|x86.ActiveCfg = Debug|x86
		{EC457219-819C-464D-B12D-D41AE65ABA10}.Debug|x86.Build.0 = Debug|x86
		{EC457219-819C-464D-B12D-D41AE65ABA10}.Release|Any CPU.ActiveCfg = Release|x86
		{EC457219-819C-464D-B12D-D41AE65ABA10}.Release|Itanium.ActiveCfg = Release|x64
		{EC457219-819C-464D-B12D-D41AE65ABA10}.Release|Mixed Platforms.ActiveCfg = Release|x86
		{EC457219-819C-464D-B12D-D41AE65ABA10}.Release|Mixed Platforms.Build.0 = Release|x86
		{EC457219-819C-464D-B12D-D41AE65ABA10}.Release|Win32.ActiveCfg = Release|x86
		{EC457219-819C-464D-B12D-D41AE65ABA10}.Release|x64.ActiveCfg = Release|x86
		{EC457219-819C-464D-B12D-D41AE65ABA10}.Release|x86.ActiveCfg = Release|x86
		{EC457219-819C-464D-B12D-D41AE65ABA10}.Release|x86.Build.0 = Release|x86
		{EC457219-819C-464D-B12D-D41AE65ABA10}.Test|Any CPU.ActiveCfg = Release|x64
		{EC457219-819C-464D-B12D-D41AE65ABA10}.Test|Itanium.ActiveCfg = Release|x64
		{EC457219-819C-464D-B12D-D41AE65ABA10}.Test|Mixed Platforms.ActiveCfg = Release|x64
		{EC457219-819C-464D-B12D-D41AE65ABA10}.Test|Mixed Platforms.Build.0 = Release|x64
		{EC457219-819C-464D-B12D-D41AE65ABA10}.Test|Win32.ActiveCfg = Release|x64
		{EC457219-819C-464D-B12D-D41AE65ABA10}.Test|x64.ActiveCfg = Release|x64
		{EC457219-819C-464D-B12D-D41AE65ABA10}.Test|x64.Build.0 = Release|x64
		{EC457219-819C-464D-B12D-D41AE65ABA10}.Test|x86.ActiveCfg = Release|x64
		{CE4E030B-7383-4944-ADB5-BF8223261418}.Debug|Any CPU.ActiveCfg = Debug|x86
		{CE4E030B-7383-4944-ADB5-BF8223261418}.Debug|Itanium.ActiveCfg = Debug|x86
		{CE4E030B-7383-4944-ADB5-BF8223261418}.Debug|Mixed Platforms.ActiveCfg = Debug|x86
		{CE4E030B-7383-4944-ADB5-BF8223261418}.Debug|Mixed Platforms.Build.0 = Debug|x86
		{CE4E030B-7383-4944-ADB5-BF8223261418}.Debug|Win32.ActiveCfg = Debug|x86
		{CE4E030B-7383-4944-ADB5-BF8223261418}.Debug|Win32.Build.0 = Debug|x86
		{CE4E030B-7383-4944-ADB5-BF8223261418}.Debug|x64.ActiveCfg = Debug|x64
		{CE4E030B-7383-4944-ADB5-BF8223261418}.Debug|x64.Build.0 = Debug|x64
		{CE4E030B-7383-4944-ADB5-BF8223261418}.Debug|x86.ActiveCfg = Debug|x86
		{CE4E030B-7383-4944-ADB5-BF8223261418}.Debug|x86.Build.0 = Debug|x86
		{CE4E030B-7383-4944-ADB5-BF8223261418}.Release|Any CPU.ActiveCfg = Release|x86
		{CE4E030B-7383-4944-ADB5-BF8223261418}.Release|Itanium.ActiveCfg = Release|x86
		{CE4E030B-7383-4944-ADB5-BF8223261418}.Release|Mixed Platforms.ActiveCfg = Release|x86
		{CE4E030B-7383-4944-ADB5-BF8223261418}.Release|Mixed Platforms.Build.0 = Release|x86
		{CE4E030B-7383-4944-ADB5-BF8223261418}.Release|Win32.ActiveCfg = Release|x86
		{CE4E030B-7383-4944-ADB5-BF8223261418}.Release|x64.ActiveCfg = Release|x64
		{CE4E030B-7383-4944-ADB5-BF8223261418}.Release|x64.Build.0 = Release|x64
		{CE4E030B-7383-4944-ADB5-BF8223261418}.Release|x86.ActiveCfg = Release|x86
		{CE4E030B-7383-4944-ADB5-BF8223261418}.Release|x86.Build.0 = Release|x86
		{CE4E030B-7383-4944-ADB5-BF8223261418}.Test|Any CPU.ActiveCfg = Release|x86
		{CE4E030B-7383-4944-ADB5-BF8223261418}.Test|Itanium.ActiveCfg = Release|x86
		{CE4E030B-7383-4944-ADB5-BF8223261418}.Test|Mixed Platforms.ActiveCfg = Release|x86
		{CE4E030B-7383-4944-ADB5-BF8223261418}.Test|Mixed Platforms.Build.0 = Release|x86
		{CE4E030B-7383-4944-ADB5-BF8223261418}.Test|Win32.ActiveCfg = Release|x86
		{CE4E030B-7383-4944-ADB5-BF8223261418}.Test|x64.ActiveCfg = Release|x86
		{CE4E030B-7383-4944-ADB5-BF8223261418}.Test|x86.ActiveCfg = Release|x86
		{CE4E030B-7383-4944-ADB5-BF8223261418}.Test|x86.Build.0 = Release|x86
		{7691D0B0-52FA-430E-B87C-EBE1E8D4B825}.Debug|Any CPU.ActiveCfg = Debug|Any CPU
		{7691D0B0-52FA-430E-B87C-EBE1E8D4B825}.Debug|Any CPU.Build.0 = Debug|Any CPU
		{7691D0B0-52FA-430E-B87C-EBE1E8D4B825}.Debug|Itanium.ActiveCfg = Debug|x64
		{7691D0B0-52FA-430E-B87C-EBE1E8D4B825}.Debug|Mixed Platforms.ActiveCfg = Debug|x86
		{7691D0B0-52FA-430E-B87C-EBE1E8D4B825}.Debug|Mixed Platforms.Build.0 = Debug|x86
		{7691D0B0-52FA-430E-B87C-EBE1E8D4B825}.Debug|Win32.ActiveCfg = Debug|x86
		{7691D0B0-52FA-430E-B87C-EBE1E8D4B825}.Debug|Win32.Build.0 = Debug|x86
		{7691D0B0-52FA-430E-B87C-EBE1E8D4B825}.Debug|x64.ActiveCfg = Debug|x64
		{7691D0B0-52FA-430E-B87C-EBE1E8D4B825}.Debug|x64.Build.0 = Debug|x64
		{7691D0B0-52FA-430E-B87C-EBE1E8D4B825}.Debug|x86.ActiveCfg = Debug|x86
		{7691D0B0-52FA-430E-B87C-EBE1E8D4B825}.Debug|x86.Build.0 = Debug|x86
		{7691D0B0-52FA-430E-B87C-EBE1E8D4B825}.Release|Any CPU.ActiveCfg = Release|Any CPU
		{7691D0B0-52FA-430E-B87C-EBE1E8D4B825}.Release|Any CPU.Build.0 = Release|Any CPU
		{7691D0B0-52FA-430E-B87C-EBE1E8D4B825}.Release|Itanium.ActiveCfg = Release|x64
		{7691D0B0-52FA-430E-B87C-EBE1E8D4B825}.Release|Mixed Platforms.ActiveCfg = Release|x86
		{7691D0B0-52FA-430E-B87C-EBE1E8D4B825}.Release|Mixed Platforms.Build.0 = Release|x86
		{7691D0B0-52FA-430E-B87C-EBE1E8D4B825}.Release|Win32.ActiveCfg = Release|x86
		{7691D0B0-52FA-430E-B87C-EBE1E8D4B825}.Release|x64.ActiveCfg = Release|x86
		{7691D0B0-52FA-430E-B87C-EBE1E8D4B825}.Release|x86.ActiveCfg = Release|x86
		{7691D0B0-52FA-430E-B87C-EBE1E8D4B825}.Release|x86.Build.0 = Release|x86
		{7691D0B0-52FA-430E-B87C-EBE1E8D4B825}.Test|Any CPU.ActiveCfg = Release|x86
		{7691D0B0-52FA-430E-B87C-EBE1E8D4B825}.Test|Itanium.ActiveCfg = Release|x64
		{7691D0B0-52FA-430E-B87C-EBE1E8D4B825}.Test|Mixed Platforms.ActiveCfg = Release|x86
		{7691D0B0-52FA-430E-B87C-EBE1E8D4B825}.Test|Mixed Platforms.Build.0 = Release|x86
		{7691D0B0-52FA-430E-B87C-EBE1E8D4B825}.Test|Win32.ActiveCfg = Release|x86
		{7691D0B0-52FA-430E-B87C-EBE1E8D4B825}.Test|x64.ActiveCfg = Release|x86
		{7691D0B0-52FA-430E-B87C-EBE1E8D4B825}.Test|x86.ActiveCfg = Release|x86
		{7691D0B0-52FA-430E-B87C-EBE1E8D4B825}.Test|x86.Build.0 = Release|x86
		{95D920F0-91B9-4FDF-8FBF-44B0880085E8}.Debug|Any CPU.ActiveCfg = Debug|Any CPU
		{95D920F0-91B9-4FDF-8FBF-44B0880085E8}.Debug|Any CPU.Build.0 = Debug|Any CPU
		{95D920F0-91B9-4FDF-8FBF-44B0880085E8}.Debug|Itanium.ActiveCfg = Debug|x64
		{95D920F0-91B9-4FDF-8FBF-44B0880085E8}.Debug|Mixed Platforms.ActiveCfg = Debug|Any CPU
		{95D920F0-91B9-4FDF-8FBF-44B0880085E8}.Debug|Mixed Platforms.Build.0 = Debug|Any CPU
		{95D920F0-91B9-4FDF-8FBF-44B0880085E8}.Debug|Win32.ActiveCfg = Debug|Any CPU
		{95D920F0-91B9-4FDF-8FBF-44B0880085E8}.Debug|Win32.Build.0 = Debug|Any CPU
		{95D920F0-91B9-4FDF-8FBF-44B0880085E8}.Debug|x64.ActiveCfg = Debug|x64
		{95D920F0-91B9-4FDF-8FBF-44B0880085E8}.Debug|x64.Build.0 = Debug|x64
		{95D920F0-91B9-4FDF-8FBF-44B0880085E8}.Debug|x86.ActiveCfg = Debug|x86
		{95D920F0-91B9-4FDF-8FBF-44B0880085E8}.Debug|x86.Build.0 = Debug|x86
		{95D920F0-91B9-4FDF-8FBF-44B0880085E8}.Release|Any CPU.ActiveCfg = Release|Any CPU
		{95D920F0-91B9-4FDF-8FBF-44B0880085E8}.Release|Any CPU.Build.0 = Release|Any CPU
		{95D920F0-91B9-4FDF-8FBF-44B0880085E8}.Release|Itanium.ActiveCfg = Release|x64
		{95D920F0-91B9-4FDF-8FBF-44B0880085E8}.Release|Mixed Platforms.ActiveCfg = Release|Any CPU
		{95D920F0-91B9-4FDF-8FBF-44B0880085E8}.Release|Mixed Platforms.Build.0 = Release|Any CPU
		{95D920F0-91B9-4FDF-8FBF-44B0880085E8}.Release|Win32.ActiveCfg = Release|Any CPU
		{95D920F0-91B9-4FDF-8FBF-44B0880085E8}.Release|x64.ActiveCfg = Release|Any CPU
		{95D920F0-91B9-4FDF-8FBF-44B0880085E8}.Release|x86.ActiveCfg = Release|x86
		{95D920F0-91B9-4FDF-8FBF-44B0880085E8}.Test|Any CPU.ActiveCfg = Release|x86
		{95D920F0-91B9-4FDF-8FBF-44B0880085E8}.Test|Itanium.ActiveCfg = Release|x64
		{95D920F0-91B9-4FDF-8FBF-44B0880085E8}.Test|Mixed Platforms.ActiveCfg = Release|x86
		{95D920F0-91B9-4FDF-8FBF-44B0880085E8}.Test|Mixed Platforms.Build.0 = Release|x86
		{95D920F0-91B9-4FDF-8FBF-44B0880085E8}.Test|Win32.ActiveCfg = Release|x86
		{95D920F0-91B9-4FDF-8FBF-44B0880085E8}.Test|x64.ActiveCfg = Release|x86
		{95D920F0-91B9-4FDF-8FBF-44B0880085E8}.Test|x86.ActiveCfg = Release|x86
		{95D920F0-91B9-4FDF-8FBF-44B0880085E8}.Test|x86.Build.0 = Release|x86
		{FF9407FE-FF14-4766-AD81-6C2384F9004E}.Debug|Any CPU.ActiveCfg = Debug|Any CPU
		{FF9407FE-FF14-4766-AD81-6C2384F9004E}.Debug|Any CPU.Build.0 = Debug|Any CPU
		{FF9407FE-FF14-4766-AD81-6C2384F9004E}.Debug|Itanium.ActiveCfg = Debug|x64
		{FF9407FE-FF14-4766-AD81-6C2384F9004E}.Debug|Mixed Platforms.ActiveCfg = Debug|Any CPU
		{FF9407FE-FF14-4766-AD81-6C2384F9004E}.Debug|Mixed Platforms.Build.0 = Debug|Any CPU
		{FF9407FE-FF14-4766-AD81-6C2384F9004E}.Debug|Win32.ActiveCfg = Debug|Any CPU
		{FF9407FE-FF14-4766-AD81-6C2384F9004E}.Debug|Win32.Build.0 = Debug|Any CPU
		{FF9407FE-FF14-4766-AD81-6C2384F9004E}.Debug|x64.ActiveCfg = Debug|x64
		{FF9407FE-FF14-4766-AD81-6C2384F9004E}.Debug|x64.Build.0 = Debug|x64
		{FF9407FE-FF14-4766-AD81-6C2384F9004E}.Debug|x86.ActiveCfg = Debug|x86
		{FF9407FE-FF14-4766-AD81-6C2384F9004E}.Debug|x86.Build.0 = Debug|x86
		{FF9407FE-FF14-4766-AD81-6C2384F9004E}.Release|Any CPU.ActiveCfg = Release|Any CPU
		{FF9407FE-FF14-4766-AD81-6C2384F9004E}.Release|Any CPU.Build.0 = Release|Any CPU
		{FF9407FE-FF14-4766-AD81-6C2384F9004E}.Release|Itanium.ActiveCfg = Release|x64
		{FF9407FE-FF14-4766-AD81-6C2384F9004E}.Release|Mixed Platforms.ActiveCfg = Release|Any CPU
		{FF9407FE-FF14-4766-AD81-6C2384F9004E}.Release|Mixed Platforms.Build.0 = Release|Any CPU
		{FF9407FE-FF14-4766-AD81-6C2384F9004E}.Release|Win32.ActiveCfg = Release|Any CPU
		{FF9407FE-FF14-4766-AD81-6C2384F9004E}.Release|x64.ActiveCfg = Release|Any CPU
		{FF9407FE-FF14-4766-AD81-6C2384F9004E}.Release|x86.ActiveCfg = Release|x86
		{FF9407FE-FF14-4766-AD81-6C2384F9004E}.Test|Any CPU.ActiveCfg = Release|x64
		{FF9407FE-FF14-4766-AD81-6C2384F9004E}.Test|Itanium.ActiveCfg = Release|x64
		{FF9407FE-FF14-4766-AD81-6C2384F9004E}.Test|Mixed Platforms.ActiveCfg = Release|x64
		{FF9407FE-FF14-4766-AD81-6C2384F9004E}.Test|Mixed Platforms.Build.0 = Release|x64
		{FF9407FE-FF14-4766-AD81-6C2384F9004E}.Test|Win32.ActiveCfg = Release|x64
		{FF9407FE-FF14-4766-AD81-6C2384F9004E}.Test|x64.ActiveCfg = Release|x64
		{FF9407FE-FF14-4766-AD81-6C2384F9004E}.Test|x64.Build.0 = Release|x64
		{FF9407FE-FF14-4766-AD81-6C2384F9004E}.Test|x86.ActiveCfg = Release|x64
		{9881C7BE-3392-46CF-B6B4-40BAE8DDAC03}.Debug|Any CPU.ActiveCfg = Debug|Any CPU
		{9881C7BE-3392-46CF-B6B4-40BAE8DDAC03}.Debug|Any CPU.Build.0 = Debug|Any CPU
		{9881C7BE-3392-46CF-B6B4-40BAE8DDAC03}.Debug|Itanium.ActiveCfg = Debug|x86
		{9881C7BE-3392-46CF-B6B4-40BAE8DDAC03}.Debug|Mixed Platforms.ActiveCfg = Debug|Any CPU
		{9881C7BE-3392-46CF-B6B4-40BAE8DDAC03}.Debug|Mixed Platforms.Build.0 = Debug|Any CPU
		{9881C7BE-3392-46CF-B6B4-40BAE8DDAC03}.Debug|Win32.ActiveCfg = Debug|Any CPU
		{9881C7BE-3392-46CF-B6B4-40BAE8DDAC03}.Debug|x64.ActiveCfg = Debug|x64
		{9881C7BE-3392-46CF-B6B4-40BAE8DDAC03}.Debug|x64.Build.0 = Debug|x64
		{9881C7BE-3392-46CF-B6B4-40BAE8DDAC03}.Debug|x86.ActiveCfg = Debug|Any CPU
		{9881C7BE-3392-46CF-B6B4-40BAE8DDAC03}.Release|Any CPU.ActiveCfg = Release|Any CPU
		{9881C7BE-3392-46CF-B6B4-40BAE8DDAC03}.Release|Any CPU.Build.0 = Release|Any CPU
		{9881C7BE-3392-46CF-B6B4-40BAE8DDAC03}.Release|Itanium.ActiveCfg = Release|x86
		{9881C7BE-3392-46CF-B6B4-40BAE8DDAC03}.Release|Mixed Platforms.ActiveCfg = Release|Any CPU
		{9881C7BE-3392-46CF-B6B4-40BAE8DDAC03}.Release|Mixed Platforms.Build.0 = Release|Any CPU
		{9881C7BE-3392-46CF-B6B4-40BAE8DDAC03}.Release|Win32.ActiveCfg = Release|Any CPU
		{9881C7BE-3392-46CF-B6B4-40BAE8DDAC03}.Release|x64.ActiveCfg = Release|Any CPU
		{9881C7BE-3392-46CF-B6B4-40BAE8DDAC03}.Release|x86.ActiveCfg = Release|Any CPU
		{9881C7BE-3392-46CF-B6B4-40BAE8DDAC03}.Test|Any CPU.ActiveCfg = Release|x64
		{9881C7BE-3392-46CF-B6B4-40BAE8DDAC03}.Test|Itanium.ActiveCfg = Release|x86
		{9881C7BE-3392-46CF-B6B4-40BAE8DDAC03}.Test|Mixed Platforms.ActiveCfg = Release|x64
		{9881C7BE-3392-46CF-B6B4-40BAE8DDAC03}.Test|Mixed Platforms.Build.0 = Release|x64
		{9881C7BE-3392-46CF-B6B4-40BAE8DDAC03}.Test|Win32.ActiveCfg = Release|x64
		{9881C7BE-3392-46CF-B6B4-40BAE8DDAC03}.Test|x64.ActiveCfg = Release|x64
		{9881C7BE-3392-46CF-B6B4-40BAE8DDAC03}.Test|x64.Build.0 = Release|x64
		{9881C7BE-3392-46CF-B6B4-40BAE8DDAC03}.Test|x86.ActiveCfg = Release|x64
		{31173479-3AC6-45F4-8225-DF34B0DA25C2}.Debug|Any CPU.ActiveCfg = Debug|Any CPU
		{31173479-3AC6-45F4-8225-DF34B0DA25C2}.Debug|Any CPU.Build.0 = Debug|Any CPU
		{31173479-3AC6-45F4-8225-DF34B0DA25C2}.Debug|Itanium.ActiveCfg = Debug|x64
		{31173479-3AC6-45F4-8225-DF34B0DA25C2}.Debug|Mixed Platforms.ActiveCfg = Debug|Any CPU
		{31173479-3AC6-45F4-8225-DF34B0DA25C2}.Debug|Mixed Platforms.Build.0 = Debug|Any CPU
		{31173479-3AC6-45F4-8225-DF34B0DA25C2}.Debug|Win32.ActiveCfg = Debug|Any CPU
		{31173479-3AC6-45F4-8225-DF34B0DA25C2}.Debug|x64.ActiveCfg = Debug|x64
		{31173479-3AC6-45F4-8225-DF34B0DA25C2}.Debug|x64.Build.0 = Debug|x64
		{31173479-3AC6-45F4-8225-DF34B0DA25C2}.Debug|x86.ActiveCfg = Debug|Any CPU
		{31173479-3AC6-45F4-8225-DF34B0DA25C2}.Release|Any CPU.ActiveCfg = Release|Any CPU
		{31173479-3AC6-45F4-8225-DF34B0DA25C2}.Release|Any CPU.Build.0 = Release|Any CPU
		{31173479-3AC6-45F4-8225-DF34B0DA25C2}.Release|Itanium.ActiveCfg = Release|x64
		{31173479-3AC6-45F4-8225-DF34B0DA25C2}.Release|Mixed Platforms.ActiveCfg = Release|Any CPU
		{31173479-3AC6-45F4-8225-DF34B0DA25C2}.Release|Mixed Platforms.Build.0 = Release|Any CPU
		{31173479-3AC6-45F4-8225-DF34B0DA25C2}.Release|Win32.ActiveCfg = Release|Any CPU
		{31173479-3AC6-45F4-8225-DF34B0DA25C2}.Release|x64.ActiveCfg = Release|Any CPU
		{31173479-3AC6-45F4-8225-DF34B0DA25C2}.Release|x86.ActiveCfg = Release|Any CPU
		{31173479-3AC6-45F4-8225-DF34B0DA25C2}.Test|Any CPU.ActiveCfg = Release|Any CPU
		{31173479-3AC6-45F4-8225-DF34B0DA25C2}.Test|Any CPU.Build.0 = Release|Any CPU
		{31173479-3AC6-45F4-8225-DF34B0DA25C2}.Test|Itanium.ActiveCfg = Release|x64
		{31173479-3AC6-45F4-8225-DF34B0DA25C2}.Test|Mixed Platforms.ActiveCfg = Release|Any CPU
		{31173479-3AC6-45F4-8225-DF34B0DA25C2}.Test|Mixed Platforms.Build.0 = Release|Any CPU
		{31173479-3AC6-45F4-8225-DF34B0DA25C2}.Test|Win32.ActiveCfg = Release|Any CPU
		{31173479-3AC6-45F4-8225-DF34B0DA25C2}.Test|x64.ActiveCfg = Release|Any CPU
		{31173479-3AC6-45F4-8225-DF34B0DA25C2}.Test|x86.ActiveCfg = Release|Any CPU
		{3DB110FE-BC00-4569-9F78-2B3F41F5BCD3}.Debug|Any CPU.ActiveCfg = Debug|x86
		{3DB110FE-BC00-4569-9F78-2B3F41F5BCD3}.Debug|Itanium.ActiveCfg = Debug|x64
		{3DB110FE-BC00-4569-9F78-2B3F41F5BCD3}.Debug|Mixed Platforms.ActiveCfg = Debug|x86
		{3DB110FE-BC00-4569-9F78-2B3F41F5BCD3}.Debug|Mixed Platforms.Build.0 = Debug|x86
		{3DB110FE-BC00-4569-9F78-2B3F41F5BCD3}.Debug|Win32.ActiveCfg = Debug|x86
		{3DB110FE-BC00-4569-9F78-2B3F41F5BCD3}.Debug|x64.ActiveCfg = Debug|x64
		{3DB110FE-BC00-4569-9F78-2B3F41F5BCD3}.Debug|x64.Build.0 = Debug|x64
		{3DB110FE-BC00-4569-9F78-2B3F41F5BCD3}.Debug|x86.ActiveCfg = Debug|x86
		{3DB110FE-BC00-4569-9F78-2B3F41F5BCD3}.Debug|x86.Build.0 = Debug|x86
		{3DB110FE-BC00-4569-9F78-2B3F41F5BCD3}.Release|Any CPU.ActiveCfg = Release|x86
		{3DB110FE-BC00-4569-9F78-2B3F41F5BCD3}.Release|Itanium.ActiveCfg = Release|x64
		{3DB110FE-BC00-4569-9F78-2B3F41F5BCD3}.Release|Mixed Platforms.ActiveCfg = Release|x86
		{3DB110FE-BC00-4569-9F78-2B3F41F5BCD3}.Release|Mixed Platforms.Build.0 = Release|x86
		{3DB110FE-BC00-4569-9F78-2B3F41F5BCD3}.Release|Win32.ActiveCfg = Release|x86
		{3DB110FE-BC00-4569-9F78-2B3F41F5BCD3}.Release|x64.ActiveCfg = Release|x86
		{3DB110FE-BC00-4569-9F78-2B3F41F5BCD3}.Release|x86.ActiveCfg = Release|x86
		{3DB110FE-BC00-4569-9F78-2B3F41F5BCD3}.Release|x86.Build.0 = Release|x86
		{3DB110FE-BC00-4569-9F78-2B3F41F5BCD3}.Test|Any CPU.ActiveCfg = Release|x86
		{3DB110FE-BC00-4569-9F78-2B3F41F5BCD3}.Test|Itanium.ActiveCfg = Release|x64
		{3DB110FE-BC00-4569-9F78-2B3F41F5BCD3}.Test|Mixed Platforms.ActiveCfg = Release|x86
		{3DB110FE-BC00-4569-9F78-2B3F41F5BCD3}.Test|Mixed Platforms.Build.0 = Release|x86
		{3DB110FE-BC00-4569-9F78-2B3F41F5BCD3}.Test|Win32.ActiveCfg = Release|x86
		{3DB110FE-BC00-4569-9F78-2B3F41F5BCD3}.Test|x64.ActiveCfg = Release|x86
		{3DB110FE-BC00-4569-9F78-2B3F41F5BCD3}.Test|x86.ActiveCfg = Release|x86
		{3DB110FE-BC00-4569-9F78-2B3F41F5BCD3}.Test|x86.Build.0 = Release|x86
		{88902935-2189-4323-8210-968DC5AA925E}.Debug|Any CPU.ActiveCfg = Debug|Any CPU
		{88902935-2189-4323-8210-968DC5AA925E}.Debug|Any CPU.Build.0 = Debug|Any CPU
		{88902935-2189-4323-8210-968DC5AA925E}.Debug|Itanium.ActiveCfg = Debug|x64
		{88902935-2189-4323-8210-968DC5AA925E}.Debug|Mixed Platforms.ActiveCfg = Debug|Any CPU
		{88902935-2189-4323-8210-968DC5AA925E}.Debug|Mixed Platforms.Build.0 = Debug|Any CPU
		{88902935-2189-4323-8210-968DC5AA925E}.Debug|Win32.ActiveCfg = Debug|Any CPU
		{88902935-2189-4323-8210-968DC5AA925E}.Debug|x64.ActiveCfg = Debug|x64
		{88902935-2189-4323-8210-968DC5AA925E}.Debug|x64.Build.0 = Debug|x64
		{88902935-2189-4323-8210-968DC5AA925E}.Debug|x86.ActiveCfg = Debug|Any CPU
		{88902935-2189-4323-8210-968DC5AA925E}.Release|Any CPU.ActiveCfg = Release|Any CPU
		{88902935-2189-4323-8210-968DC5AA925E}.Release|Any CPU.Build.0 = Release|Any CPU
		{88902935-2189-4323-8210-968DC5AA925E}.Release|Itanium.ActiveCfg = Release|x64
		{88902935-2189-4323-8210-968DC5AA925E}.Release|Mixed Platforms.ActiveCfg = Release|Any CPU
		{88902935-2189-4323-8210-968DC5AA925E}.Release|Mixed Platforms.Build.0 = Release|Any CPU
		{88902935-2189-4323-8210-968DC5AA925E}.Release|Win32.ActiveCfg = Release|Any CPU
		{88902935-2189-4323-8210-968DC5AA925E}.Release|x64.ActiveCfg = Release|Any CPU
		{88902935-2189-4323-8210-968DC5AA925E}.Release|x86.ActiveCfg = Release|Any CPU
		{88902935-2189-4323-8210-968DC5AA925E}.Test|Any CPU.ActiveCfg = Release|Any CPU
		{88902935-2189-4323-8210-968DC5AA925E}.Test|Any CPU.Build.0 = Release|Any CPU
		{88902935-2189-4323-8210-968DC5AA925E}.Test|Itanium.ActiveCfg = Release|x64
		{88902935-2189-4323-8210-968DC5AA925E}.Test|Mixed Platforms.ActiveCfg = Release|Any CPU
		{88902935-2189-4323-8210-968DC5AA925E}.Test|Mixed Platforms.Build.0 = Release|Any CPU
		{88902935-2189-4323-8210-968DC5AA925E}.Test|Win32.ActiveCfg = Release|Any CPU
		{88902935-2189-4323-8210-968DC5AA925E}.Test|x64.ActiveCfg = Release|Any CPU
		{88902935-2189-4323-8210-968DC5AA925E}.Test|x86.ActiveCfg = Release|Any CPU
		{DB173085-8CC4-4C49-8AA4-328442ABC887}.Debug|Any CPU.ActiveCfg = Debug|Any CPU
		{DB173085-8CC4-4C49-8AA4-328442ABC887}.Debug|Any CPU.Build.0 = Debug|Any CPU
		{DB173085-8CC4-4C49-8AA4-328442ABC887}.Debug|Itanium.ActiveCfg = Debug|x64
		{DB173085-8CC4-4C49-8AA4-328442ABC887}.Debug|Mixed Platforms.ActiveCfg = Debug|Any CPU
		{DB173085-8CC4-4C49-8AA4-328442ABC887}.Debug|Mixed Platforms.Build.0 = Debug|Any CPU
		{DB173085-8CC4-4C49-8AA4-328442ABC887}.Debug|Win32.ActiveCfg = Debug|Any CPU
		{DB173085-8CC4-4C49-8AA4-328442ABC887}.Debug|x64.ActiveCfg = Debug|x64
		{DB173085-8CC4-4C49-8AA4-328442ABC887}.Debug|x64.Build.0 = Debug|x64
		{DB173085-8CC4-4C49-8AA4-328442ABC887}.Debug|x86.ActiveCfg = Debug|Any CPU
		{DB173085-8CC4-4C49-8AA4-328442ABC887}.Release|Any CPU.ActiveCfg = Release|Any CPU
		{DB173085-8CC4-4C49-8AA4-328442ABC887}.Release|Any CPU.Build.0 = Release|Any CPU
		{DB173085-8CC4-4C49-8AA4-328442ABC887}.Release|Itanium.ActiveCfg = Release|x64
		{DB173085-8CC4-4C49-8AA4-328442ABC887}.Release|Mixed Platforms.ActiveCfg = Release|Any CPU
		{DB173085-8CC4-4C49-8AA4-328442ABC887}.Release|Mixed Platforms.Build.0 = Release|Any CPU
		{DB173085-8CC4-4C49-8AA4-328442ABC887}.Release|Win32.ActiveCfg = Release|Any CPU
		{DB173085-8CC4-4C49-8AA4-328442ABC887}.Release|x64.ActiveCfg = Release|Any CPU
		{DB173085-8CC4-4C49-8AA4-328442ABC887}.Release|x86.ActiveCfg = Release|Any CPU
		{DB173085-8CC4-4C49-8AA4-328442ABC887}.Test|Any CPU.ActiveCfg = Test|Any CPU
		{DB173085-8CC4-4C49-8AA4-328442ABC887}.Test|Any CPU.Build.0 = Test|Any CPU
		{DB173085-8CC4-4C49-8AA4-328442ABC887}.Test|Itanium.ActiveCfg = Test|x64
		{DB173085-8CC4-4C49-8AA4-328442ABC887}.Test|Mixed Platforms.ActiveCfg = Test|Any CPU
		{DB173085-8CC4-4C49-8AA4-328442ABC887}.Test|Mixed Platforms.Build.0 = Test|Any CPU
		{DB173085-8CC4-4C49-8AA4-328442ABC887}.Test|Win32.ActiveCfg = Test|Any CPU
		{DB173085-8CC4-4C49-8AA4-328442ABC887}.Test|x64.ActiveCfg = Test|Any CPU
		{DB173085-8CC4-4C49-8AA4-328442ABC887}.Test|x86.ActiveCfg = Test|Any CPU
		{ADD73688-9BD8-41D4-8BA1-8AE65F1FD2D4}.Debug|Any CPU.ActiveCfg = Debug|x64
		{ADD73688-9BD8-41D4-8BA1-8AE65F1FD2D4}.Debug|Itanium.ActiveCfg = Debug|Itanium
		{ADD73688-9BD8-41D4-8BA1-8AE65F1FD2D4}.Debug|Itanium.Build.0 = Debug|Itanium
		{ADD73688-9BD8-41D4-8BA1-8AE65F1FD2D4}.Debug|Mixed Platforms.ActiveCfg = Debug|x64
		{ADD73688-9BD8-41D4-8BA1-8AE65F1FD2D4}.Debug|Mixed Platforms.Build.0 = Debug|x64
		{ADD73688-9BD8-41D4-8BA1-8AE65F1FD2D4}.Debug|Win32.ActiveCfg = Debug|Win32
		{ADD73688-9BD8-41D4-8BA1-8AE65F1FD2D4}.Debug|Win32.Build.0 = Debug|Win32
		{ADD73688-9BD8-41D4-8BA1-8AE65F1FD2D4}.Debug|x64.ActiveCfg = Debug|x64
		{ADD73688-9BD8-41D4-8BA1-8AE65F1FD2D4}.Debug|x64.Build.0 = Debug|x64
		{ADD73688-9BD8-41D4-8BA1-8AE65F1FD2D4}.Debug|x86.ActiveCfg = Debug|x64
		{ADD73688-9BD8-41D4-8BA1-8AE65F1FD2D4}.Release|Any CPU.ActiveCfg = Release|x64
		{ADD73688-9BD8-41D4-8BA1-8AE65F1FD2D4}.Release|Itanium.ActiveCfg = Release|Itanium
		{ADD73688-9BD8-41D4-8BA1-8AE65F1FD2D4}.Release|Itanium.Build.0 = Release|Itanium
		{ADD73688-9BD8-41D4-8BA1-8AE65F1FD2D4}.Release|Mixed Platforms.ActiveCfg = Release|x64
		{ADD73688-9BD8-41D4-8BA1-8AE65F1FD2D4}.Release|Mixed Platforms.Build.0 = Release|x64
		{ADD73688-9BD8-41D4-8BA1-8AE65F1FD2D4}.Release|Win32.ActiveCfg = Release|Win32
		{ADD73688-9BD8-41D4-8BA1-8AE65F1FD2D4}.Release|Win32.Build.0 = Release|Win32
		{ADD73688-9BD8-41D4-8BA1-8AE65F1FD2D4}.Release|x64.ActiveCfg = Release|x64
		{ADD73688-9BD8-41D4-8BA1-8AE65F1FD2D4}.Release|x64.Build.0 = Release|x64
		{ADD73688-9BD8-41D4-8BA1-8AE65F1FD2D4}.Release|x86.ActiveCfg = Release|x64
		{ADD73688-9BD8-41D4-8BA1-8AE65F1FD2D4}.Test|Any CPU.ActiveCfg = Release|x64
		{ADD73688-9BD8-41D4-8BA1-8AE65F1FD2D4}.Test|Itanium.ActiveCfg = Release|x64
		{ADD73688-9BD8-41D4-8BA1-8AE65F1FD2D4}.Test|Mixed Platforms.ActiveCfg = Release|x64
		{ADD73688-9BD8-41D4-8BA1-8AE65F1FD2D4}.Test|Mixed Platforms.Build.0 = Release|x64
		{ADD73688-9BD8-41D4-8BA1-8AE65F1FD2D4}.Test|Win32.ActiveCfg = Release|x64
		{ADD73688-9BD8-41D4-8BA1-8AE65F1FD2D4}.Test|x64.ActiveCfg = Release|x64
		{ADD73688-9BD8-41D4-8BA1-8AE65F1FD2D4}.Test|x64.Build.0 = Release|x64
		{ADD73688-9BD8-41D4-8BA1-8AE65F1FD2D4}.Test|x86.ActiveCfg = Release|x64
		{C11F1AF4-0FF7-453D-B8D0-A9A802BF9900}.Debug|Any CPU.ActiveCfg = Debug|x86
		{C11F1AF4-0FF7-453D-B8D0-A9A802BF9900}.Debug|Itanium.ActiveCfg = Debug|x86
		{C11F1AF4-0FF7-453D-B8D0-A9A802BF9900}.Debug|Mixed Platforms.ActiveCfg = Debug|x86
		{C11F1AF4-0FF7-453D-B8D0-A9A802BF9900}.Debug|Mixed Platforms.Build.0 = Debug|x86
		{C11F1AF4-0FF7-453D-B8D0-A9A802BF9900}.Debug|Win32.ActiveCfg = Debug|x86
		{C11F1AF4-0FF7-453D-B8D0-A9A802BF9900}.Debug|x64.ActiveCfg = Debug|x86
		{C11F1AF4-0FF7-453D-B8D0-A9A802BF9900}.Debug|x86.ActiveCfg = Debug|x86
		{C11F1AF4-0FF7-453D-B8D0-A9A802BF9900}.Debug|x86.Build.0 = Debug|x86
		{C11F1AF4-0FF7-453D-B8D0-A9A802BF9900}.Release|Any CPU.ActiveCfg = Release|x86
		{C11F1AF4-0FF7-453D-B8D0-A9A802BF9900}.Release|Itanium.ActiveCfg = Release|x86
		{C11F1AF4-0FF7-453D-B8D0-A9A802BF9900}.Release|Mixed Platforms.ActiveCfg = Release|x86
		{C11F1AF4-0FF7-453D-B8D0-A9A802BF9900}.Release|Mixed Platforms.Build.0 = Release|x86
		{C11F1AF4-0FF7-453D-B8D0-A9A802BF9900}.Release|Win32.ActiveCfg = Release|x86
		{C11F1AF4-0FF7-453D-B8D0-A9A802BF9900}.Release|x64.ActiveCfg = Release|x86
		{C11F1AF4-0FF7-453D-B8D0-A9A802BF9900}.Release|x86.ActiveCfg = Release|x86
		{C11F1AF4-0FF7-453D-B8D0-A9A802BF9900}.Release|x86.Build.0 = Release|x86
		{C11F1AF4-0FF7-453D-B8D0-A9A802BF9900}.Test|Any CPU.ActiveCfg = Release|x86
		{C11F1AF4-0FF7-453D-B8D0-A9A802BF9900}.Test|Itanium.ActiveCfg = Release|x86
		{C11F1AF4-0FF7-453D-B8D0-A9A802BF9900}.Test|Mixed Platforms.ActiveCfg = Release|x86
		{C11F1AF4-0FF7-453D-B8D0-A9A802BF9900}.Test|Mixed Platforms.Build.0 = Release|x86
		{C11F1AF4-0FF7-453D-B8D0-A9A802BF9900}.Test|Win32.ActiveCfg = Release|x86
		{C11F1AF4-0FF7-453D-B8D0-A9A802BF9900}.Test|x64.ActiveCfg = Release|x86
		{C11F1AF4-0FF7-453D-B8D0-A9A802BF9900}.Test|x86.ActiveCfg = Release|x86
		{C11F1AF4-0FF7-453D-B8D0-A9A802BF9900}.Test|x86.Build.0 = Release|x86
		{57D8D038-070C-4736-8AFD-7573166FC48B}.Debug|Any CPU.ActiveCfg = Debug|x86
		{57D8D038-070C-4736-8AFD-7573166FC48B}.Debug|Itanium.ActiveCfg = Debug|x86
		{57D8D038-070C-4736-8AFD-7573166FC48B}.Debug|Mixed Platforms.ActiveCfg = Debug|x86
		{57D8D038-070C-4736-8AFD-7573166FC48B}.Debug|Mixed Platforms.Build.0 = Debug|x86
		{57D8D038-070C-4736-8AFD-7573166FC48B}.Debug|Win32.ActiveCfg = Debug|x86
		{57D8D038-070C-4736-8AFD-7573166FC48B}.Debug|x64.ActiveCfg = Debug|x86
		{57D8D038-070C-4736-8AFD-7573166FC48B}.Debug|x86.ActiveCfg = Debug|x86
		{57D8D038-070C-4736-8AFD-7573166FC48B}.Debug|x86.Build.0 = Debug|x86
		{57D8D038-070C-4736-8AFD-7573166FC48B}.Release|Any CPU.ActiveCfg = Release|x86
		{57D8D038-070C-4736-8AFD-7573166FC48B}.Release|Itanium.ActiveCfg = Release|x86
		{57D8D038-070C-4736-8AFD-7573166FC48B}.Release|Mixed Platforms.ActiveCfg = Release|x86
		{57D8D038-070C-4736-8AFD-7573166FC48B}.Release|Mixed Platforms.Build.0 = Release|x86
		{57D8D038-070C-4736-8AFD-7573166FC48B}.Release|Win32.ActiveCfg = Release|x86
		{57D8D038-070C-4736-8AFD-7573166FC48B}.Release|x64.ActiveCfg = Release|x86
		{57D8D038-070C-4736-8AFD-7573166FC48B}.Release|x86.ActiveCfg = Release|x86
		{57D8D038-070C-4736-8AFD-7573166FC48B}.Release|x86.Build.0 = Release|x86
		{57D8D038-070C-4736-8AFD-7573166FC48B}.Test|Any CPU.ActiveCfg = Release|x86
		{57D8D038-070C-4736-8AFD-7573166FC48B}.Test|Itanium.ActiveCfg = Release|x86
		{57D8D038-070C-4736-8AFD-7573166FC48B}.Test|Mixed Platforms.ActiveCfg = Release|x86
		{57D8D038-070C-4736-8AFD-7573166FC48B}.Test|Mixed Platforms.Build.0 = Release|x86
		{57D8D038-070C-4736-8AFD-7573166FC48B}.Test|Win32.ActiveCfg = Release|x86
		{57D8D038-070C-4736-8AFD-7573166FC48B}.Test|x64.ActiveCfg = Release|x86
		{57D8D038-070C-4736-8AFD-7573166FC48B}.Test|x86.ActiveCfg = Release|x86
		{57D8D038-070C-4736-8AFD-7573166FC48B}.Test|x86.Build.0 = Release|x86
		{80730853-7F34-44C7-BBF7-496977A4C14F}.Debug|Any CPU.ActiveCfg = Debug|x64
		{80730853-7F34-44C7-BBF7-496977A4C14F}.Debug|Itanium.ActiveCfg = Debug|x64
		{80730853-7F34-44C7-BBF7-496977A4C14F}.Debug|Mixed Platforms.ActiveCfg = Debug|x64
		{80730853-7F34-44C7-BBF7-496977A4C14F}.Debug|Mixed Platforms.Build.0 = Debug|x64
		{80730853-7F34-44C7-BBF7-496977A4C14F}.Debug|Win32.ActiveCfg = Debug|Win32
		{80730853-7F34-44C7-BBF7-496977A4C14F}.Debug|Win32.Build.0 = Debug|Win32
		{80730853-7F34-44C7-BBF7-496977A4C14F}.Debug|x64.ActiveCfg = Debug|x64
		{80730853-7F34-44C7-BBF7-496977A4C14F}.Debug|x64.Build.0 = Debug|x64
		{80730853-7F34-44C7-BBF7-496977A4C14F}.Debug|x86.ActiveCfg = Debug|x64
		{80730853-7F34-44C7-BBF7-496977A4C14F}.Release|Any CPU.ActiveCfg = Release|x64
		{80730853-7F34-44C7-BBF7-496977A4C14F}.Release|Itanium.ActiveCfg = Release|x64
		{80730853-7F34-44C7-BBF7-496977A4C14F}.Release|Mixed Platforms.ActiveCfg = Release|x64
		{80730853-7F34-44C7-BBF7-496977A4C14F}.Release|Mixed Platforms.Build.0 = Release|x64
		{80730853-7F34-44C7-BBF7-496977A4C14F}.Release|Win32.ActiveCfg = Release|Win32
		{80730853-7F34-44C7-BBF7-496977A4C14F}.Release|Win32.Build.0 = Release|Win32
		{80730853-7F34-44C7-BBF7-496977A4C14F}.Release|x64.ActiveCfg = Release|x64
		{80730853-7F34-44C7-BBF7-496977A4C14F}.Release|x64.Build.0 = Release|x64
		{80730853-7F34-44C7-BBF7-496977A4C14F}.Release|x86.ActiveCfg = Release|x64
		{80730853-7F34-44C7-BBF7-496977A4C14F}.Test|Any CPU.ActiveCfg = Release|x64
		{80730853-7F34-44C7-BBF7-496977A4C14F}.Test|Itanium.ActiveCfg = Release|x64
		{80730853-7F34-44C7-BBF7-496977A4C14F}.Test|Mixed Platforms.ActiveCfg = Release|x64
		{80730853-7F34-44C7-BBF7-496977A4C14F}.Test|Mixed Platforms.Build.0 = Release|x64
		{80730853-7F34-44C7-BBF7-496977A4C14F}.Test|Win32.ActiveCfg = Release|x64
		{80730853-7F34-44C7-BBF7-496977A4C14F}.Test|x64.ActiveCfg = Release|x64
		{80730853-7F34-44C7-BBF7-496977A4C14F}.Test|x64.Build.0 = Release|x64
		{80730853-7F34-44C7-BBF7-496977A4C14F}.Test|x86.ActiveCfg = Release|x64
		{79681451-7345-48C2-86EC-13AEEB3DD52B}.Debug|Any CPU.ActiveCfg = Debug|Any CPU
		{79681451-7345-48C2-86EC-13AEEB3DD52B}.Debug|Any CPU.Build.0 = Debug|Any CPU
		{79681451-7345-48C2-86EC-13AEEB3DD52B}.Debug|Itanium.ActiveCfg = Debug|Any CPU
		{79681451-7345-48C2-86EC-13AEEB3DD52B}.Debug|Mixed Platforms.ActiveCfg = Debug|Any CPU
		{79681451-7345-48C2-86EC-13AEEB3DD52B}.Debug|Mixed Platforms.Build.0 = Debug|Any CPU
		{79681451-7345-48C2-86EC-13AEEB3DD52B}.Debug|Win32.ActiveCfg = Debug|Any CPU
		{79681451-7345-48C2-86EC-13AEEB3DD52B}.Debug|x64.ActiveCfg = Debug|x64
		{79681451-7345-48C2-86EC-13AEEB3DD52B}.Debug|x64.Build.0 = Debug|x64
		{79681451-7345-48C2-86EC-13AEEB3DD52B}.Debug|x86.ActiveCfg = Debug|Any CPU
		{79681451-7345-48C2-86EC-13AEEB3DD52B}.Release|Any CPU.ActiveCfg = Release|Any CPU
		{79681451-7345-48C2-86EC-13AEEB3DD52B}.Release|Any CPU.Build.0 = Release|Any CPU
		{79681451-7345-48C2-86EC-13AEEB3DD52B}.Release|Itanium.ActiveCfg = Release|Any CPU
		{79681451-7345-48C2-86EC-13AEEB3DD52B}.Release|Mixed Platforms.ActiveCfg = Release|Any CPU
		{79681451-7345-48C2-86EC-13AEEB3DD52B}.Release|Mixed Platforms.Build.0 = Release|Any CPU
		{79681451-7345-48C2-86EC-13AEEB3DD52B}.Release|Win32.ActiveCfg = Release|Any CPU
		{79681451-7345-48C2-86EC-13AEEB3DD52B}.Release|x64.ActiveCfg = Release|Any CPU
		{79681451-7345-48C2-86EC-13AEEB3DD52B}.Release|x86.ActiveCfg = Release|Any CPU
		{79681451-7345-48C2-86EC-13AEEB3DD52B}.Test|Any CPU.ActiveCfg = Release|Any CPU
		{79681451-7345-48C2-86EC-13AEEB3DD52B}.Test|Any CPU.Build.0 = Release|Any CPU
		{79681451-7345-48C2-86EC-13AEEB3DD52B}.Test|Itanium.ActiveCfg = Release|Any CPU
		{79681451-7345-48C2-86EC-13AEEB3DD52B}.Test|Mixed Platforms.ActiveCfg = Release|Any CPU
		{79681451-7345-48C2-86EC-13AEEB3DD52B}.Test|Mixed Platforms.Build.0 = Release|Any CPU
		{79681451-7345-48C2-86EC-13AEEB3DD52B}.Test|Win32.ActiveCfg = Release|Any CPU
		{79681451-7345-48C2-86EC-13AEEB3DD52B}.Test|x64.ActiveCfg = Release|Any CPU
		{79681451-7345-48C2-86EC-13AEEB3DD52B}.Test|x86.ActiveCfg = Release|Any CPU
		{8E2CC3B7-A199-43E6-ADF5-102CA47E34D6}.Debug|Any CPU.ActiveCfg = Debug|x64
		{8E2CC3B7-A199-43E6-ADF5-102CA47E34D6}.Debug|Itanium.ActiveCfg = Debug|x64
		{8E2CC3B7-A199-43E6-ADF5-102CA47E34D6}.Debug|Mixed Platforms.ActiveCfg = Debug|x64
		{8E2CC3B7-A199-43E6-ADF5-102CA47E34D6}.Debug|Mixed Platforms.Build.0 = Debug|x64
		{8E2CC3B7-A199-43E6-ADF5-102CA47E34D6}.Debug|Win32.ActiveCfg = Debug|x64
		{8E2CC3B7-A199-43E6-ADF5-102CA47E34D6}.Debug|x64.ActiveCfg = Debug|x64
		{8E2CC3B7-A199-43E6-ADF5-102CA47E34D6}.Debug|x64.Build.0 = Debug|x64
		{8E2CC3B7-A199-43E6-ADF5-102CA47E34D6}.Debug|x86.ActiveCfg = Debug|x86
		{8E2CC3B7-A199-43E6-ADF5-102CA47E34D6}.Debug|x86.Build.0 = Debug|x86
		{8E2CC3B7-A199-43E6-ADF5-102CA47E34D6}.Release|Any CPU.ActiveCfg = Release|x64
		{8E2CC3B7-A199-43E6-ADF5-102CA47E34D6}.Release|Itanium.ActiveCfg = Release|x64
		{8E2CC3B7-A199-43E6-ADF5-102CA47E34D6}.Release|Mixed Platforms.ActiveCfg = Release|x64
		{8E2CC3B7-A199-43E6-ADF5-102CA47E34D6}.Release|Mixed Platforms.Build.0 = Release|x64
		{8E2CC3B7-A199-43E6-ADF5-102CA47E34D6}.Release|Win32.ActiveCfg = Release|x64
		{8E2CC3B7-A199-43E6-ADF5-102CA47E34D6}.Release|x64.ActiveCfg = Release|x64
		{8E2CC3B7-A199-43E6-ADF5-102CA47E34D6}.Release|x64.Build.0 = Release|x64
		{8E2CC3B7-A199-43E6-ADF5-102CA47E34D6}.Release|x86.ActiveCfg = Release|x86
		{8E2CC3B7-A199-43E6-ADF5-102CA47E34D6}.Release|x86.Build.0 = Release|x86
		{8E2CC3B7-A199-43E6-ADF5-102CA47E34D6}.Test|Any CPU.ActiveCfg = Release|x64
		{8E2CC3B7-A199-43E6-ADF5-102CA47E34D6}.Test|Itanium.ActiveCfg = Release|x64
		{8E2CC3B7-A199-43E6-ADF5-102CA47E34D6}.Test|Mixed Platforms.ActiveCfg = Release|x64
		{8E2CC3B7-A199-43E6-ADF5-102CA47E34D6}.Test|Mixed Platforms.Build.0 = Release|x64
		{8E2CC3B7-A199-43E6-ADF5-102CA47E34D6}.Test|Win32.ActiveCfg = Release|x64
		{8E2CC3B7-A199-43E6-ADF5-102CA47E34D6}.Test|x64.ActiveCfg = Release|x64
		{8E2CC3B7-A199-43E6-ADF5-102CA47E34D6}.Test|x64.Build.0 = Release|x64
		{8E2CC3B7-A199-43E6-ADF5-102CA47E34D6}.Test|x86.ActiveCfg = Release|x64
		{9A2EB31F-4416-4148-A8C6-61A564119B74}.Debug|Any CPU.ActiveCfg = Debug|Any CPU
		{9A2EB31F-4416-4148-A8C6-61A564119B74}.Debug|Any CPU.Build.0 = Debug|Any CPU
		{9A2EB31F-4416-4148-A8C6-61A564119B74}.Debug|Itanium.ActiveCfg = Debug|x64
		{9A2EB31F-4416-4148-A8C6-61A564119B74}.Debug|Mixed Platforms.ActiveCfg = Debug|x64
		{9A2EB31F-4416-4148-A8C6-61A564119B74}.Debug|Mixed Platforms.Build.0 = Debug|x64
		{9A2EB31F-4416-4148-A8C6-61A564119B74}.Debug|Win32.ActiveCfg = Debug|x64
		{9A2EB31F-4416-4148-A8C6-61A564119B74}.Debug|x64.ActiveCfg = Debug|x64
		{9A2EB31F-4416-4148-A8C6-61A564119B74}.Debug|x64.Build.0 = Debug|x64
		{9A2EB31F-4416-4148-A8C6-61A564119B74}.Debug|x86.ActiveCfg = Debug|x64
		{9A2EB31F-4416-4148-A8C6-61A564119B74}.Release|Any CPU.ActiveCfg = Release|Any CPU
		{9A2EB31F-4416-4148-A8C6-61A564119B74}.Release|Any CPU.Build.0 = Release|Any CPU
		{9A2EB31F-4416-4148-A8C6-61A564119B74}.Release|Itanium.ActiveCfg = Release|x64
		{9A2EB31F-4416-4148-A8C6-61A564119B74}.Release|Mixed Platforms.ActiveCfg = Release|x64
		{9A2EB31F-4416-4148-A8C6-61A564119B74}.Release|Mixed Platforms.Build.0 = Release|x64
		{9A2EB31F-4416-4148-A8C6-61A564119B74}.Release|Win32.ActiveCfg = Release|x64
		{9A2EB31F-4416-4148-A8C6-61A564119B74}.Release|x64.ActiveCfg = Release|x64
		{9A2EB31F-4416-4148-A8C6-61A564119B74}.Release|x64.Build.0 = Release|x64
		{9A2EB31F-4416-4148-A8C6-61A564119B74}.Release|x86.ActiveCfg = Release|x64
		{9A2EB31F-4416-4148-A8C6-61A564119B74}.Test|Any CPU.ActiveCfg = Release|x64
		{9A2EB31F-4416-4148-A8C6-61A564119B74}.Test|Itanium.ActiveCfg = Release|x64
		{9A2EB31F-4416-4148-A8C6-61A564119B74}.Test|Mixed Platforms.ActiveCfg = Release|x64
		{9A2EB31F-4416-4148-A8C6-61A564119B74}.Test|Mixed Platforms.Build.0 = Release|x64
		{9A2EB31F-4416-4148-A8C6-61A564119B74}.Test|Win32.ActiveCfg = Release|x64
		{9A2EB31F-4416-4148-A8C6-61A564119B74}.Test|x64.ActiveCfg = Release|x64
		{9A2EB31F-4416-4148-A8C6-61A564119B74}.Test|x64.Build.0 = Release|x64
		{9A2EB31F-4416-4148-A8C6-61A564119B74}.Test|x86.ActiveCfg = Release|x64
		{4B4B8518-CC88-44FE-9D99-F8AAEC0EB499}.Debug|Any CPU.ActiveCfg = Debug|Any CPU
		{4B4B8518-CC88-44FE-9D99-F8AAEC0EB499}.Debug|Any CPU.Build.0 = Debug|Any CPU
		{4B4B8518-CC88-44FE-9D99-F8AAEC0EB499}.Debug|Itanium.ActiveCfg = Debug|x64
		{4B4B8518-CC88-44FE-9D99-F8AAEC0EB499}.Debug|Mixed Platforms.ActiveCfg = Debug|x64
		{4B4B8518-CC88-44FE-9D99-F8AAEC0EB499}.Debug|Mixed Platforms.Build.0 = Debug|x64
		{4B4B8518-CC88-44FE-9D99-F8AAEC0EB499}.Debug|Win32.ActiveCfg = Debug|x64
		{4B4B8518-CC88-44FE-9D99-F8AAEC0EB499}.Debug|x64.ActiveCfg = Debug|x64
		{4B4B8518-CC88-44FE-9D99-F8AAEC0EB499}.Debug|x64.Build.0 = Debug|x64
		{4B4B8518-CC88-44FE-9D99-F8AAEC0EB499}.Debug|x86.ActiveCfg = Debug|x64
		{4B4B8518-CC88-44FE-9D99-F8AAEC0EB499}.Release|Any CPU.ActiveCfg = Release|Any CPU
		{4B4B8518-CC88-44FE-9D99-F8AAEC0EB499}.Release|Any CPU.Build.0 = Release|Any CPU
		{4B4B8518-CC88-44FE-9D99-F8AAEC0EB499}.Release|Itanium.ActiveCfg = Release|x64
		{4B4B8518-CC88-44FE-9D99-F8AAEC0EB499}.Release|Mixed Platforms.ActiveCfg = Release|x64
		{4B4B8518-CC88-44FE-9D99-F8AAEC0EB499}.Release|Mixed Platforms.Build.0 = Release|x64
		{4B4B8518-CC88-44FE-9D99-F8AAEC0EB499}.Release|Win32.ActiveCfg = Release|x64
		{4B4B8518-CC88-44FE-9D99-F8AAEC0EB499}.Release|x64.ActiveCfg = Release|x64
		{4B4B8518-CC88-44FE-9D99-F8AAEC0EB499}.Release|x64.Build.0 = Release|x64
		{4B4B8518-CC88-44FE-9D99-F8AAEC0EB499}.Release|x86.ActiveCfg = Release|x64
		{4B4B8518-CC88-44FE-9D99-F8AAEC0EB499}.Test|Any CPU.ActiveCfg = Release|x64
		{4B4B8518-CC88-44FE-9D99-F8AAEC0EB499}.Test|Itanium.ActiveCfg = Release|x64
		{4B4B8518-CC88-44FE-9D99-F8AAEC0EB499}.Test|Mixed Platforms.ActiveCfg = Release|x64
		{4B4B8518-CC88-44FE-9D99-F8AAEC0EB499}.Test|Mixed Platforms.Build.0 = Release|x64
		{4B4B8518-CC88-44FE-9D99-F8AAEC0EB499}.Test|Win32.ActiveCfg = Release|x64
		{4B4B8518-CC88-44FE-9D99-F8AAEC0EB499}.Test|x64.ActiveCfg = Release|x64
		{4B4B8518-CC88-44FE-9D99-F8AAEC0EB499}.Test|x64.Build.0 = Release|x64
		{4B4B8518-CC88-44FE-9D99-F8AAEC0EB499}.Test|x86.ActiveCfg = Release|x64
		{2989E29C-066E-445A-8A09-8D07FDA36055}.Debug|Any CPU.ActiveCfg = Debug|x64
		{2989E29C-066E-445A-8A09-8D07FDA36055}.Debug|Itanium.ActiveCfg = Debug|x64
		{2989E29C-066E-445A-8A09-8D07FDA36055}.Debug|Mixed Platforms.ActiveCfg = Debug|x64
		{2989E29C-066E-445A-8A09-8D07FDA36055}.Debug|Mixed Platforms.Build.0 = Debug|x64
		{2989E29C-066E-445A-8A09-8D07FDA36055}.Debug|Win32.ActiveCfg = Debug|x64
		{2989E29C-066E-445A-8A09-8D07FDA36055}.Debug|x64.ActiveCfg = Debug|x64
		{2989E29C-066E-445A-8A09-8D07FDA36055}.Debug|x64.Build.0 = Debug|x64
		{2989E29C-066E-445A-8A09-8D07FDA36055}.Debug|x86.ActiveCfg = Debug|x86
		{2989E29C-066E-445A-8A09-8D07FDA36055}.Debug|x86.Build.0 = Debug|x86
		{2989E29C-066E-445A-8A09-8D07FDA36055}.Release|Any CPU.ActiveCfg = Release|x64
		{2989E29C-066E-445A-8A09-8D07FDA36055}.Release|Itanium.ActiveCfg = Release|x64
		{2989E29C-066E-445A-8A09-8D07FDA36055}.Release|Mixed Platforms.ActiveCfg = Release|x64
		{2989E29C-066E-445A-8A09-8D07FDA36055}.Release|Mixed Platforms.Build.0 = Release|x64
		{2989E29C-066E-445A-8A09-8D07FDA36055}.Release|Win32.ActiveCfg = Release|x64
		{2989E29C-066E-445A-8A09-8D07FDA36055}.Release|x64.ActiveCfg = Release|x64
		{2989E29C-066E-445A-8A09-8D07FDA36055}.Release|x64.Build.0 = Release|x64
		{2989E29C-066E-445A-8A09-8D07FDA36055}.Release|x86.ActiveCfg = Release|x86
		{2989E29C-066E-445A-8A09-8D07FDA36055}.Release|x86.Build.0 = Release|x86
		{2989E29C-066E-445A-8A09-8D07FDA36055}.Test|Any CPU.ActiveCfg = Release|x64
		{2989E29C-066E-445A-8A09-8D07FDA36055}.Test|Itanium.ActiveCfg = Release|x64
		{2989E29C-066E-445A-8A09-8D07FDA36055}.Test|Mixed Platforms.ActiveCfg = Release|x64
		{2989E29C-066E-445A-8A09-8D07FDA36055}.Test|Mixed Platforms.Build.0 = Release|x64
		{2989E29C-066E-445A-8A09-8D07FDA36055}.Test|Win32.ActiveCfg = Release|x64
		{2989E29C-066E-445A-8A09-8D07FDA36055}.Test|x64.ActiveCfg = Release|x64
		{2989E29C-066E-445A-8A09-8D07FDA36055}.Test|x64.Build.0 = Release|x64
		{2989E29C-066E-445A-8A09-8D07FDA36055}.Test|x86.ActiveCfg = Release|x64
	EndGlobalSection
	GlobalSection(SolutionProperties) = preSolution
		HideSolutionNode = FALSE
	EndGlobalSection
	GlobalSection(NestedProjects) = preSolution
		{31173479-3AC6-45F4-8225-DF34B0DA25C2} = {EFB8ADDE-C1B4-4041-9059-BD7D4917C52C}
		{3DB110FE-BC00-4569-9F78-2B3F41F5BCD3} = {EFB8ADDE-C1B4-4041-9059-BD7D4917C52C}
		{DB173085-8CC4-4C49-8AA4-328442ABC887} = {EFB8ADDE-C1B4-4041-9059-BD7D4917C52C}
		{80730853-7F34-44C7-BBF7-496977A4C14F} = {EFB8ADDE-C1B4-4041-9059-BD7D4917C52C}
		{95D920F0-91B9-4FDF-8FBF-44B0880085E8} = {EFB8ADDE-C1B4-4041-9059-BD7D4917C52C}
		{57D8D038-070C-4736-8AFD-7573166FC48B} = {7905A2B8-4DEC-426B-8AD6-A6D452F6D27D}
		{C11F1AF4-0FF7-453D-B8D0-A9A802BF9900} = {7905A2B8-4DEC-426B-8AD6-A6D452F6D27D}
	EndGlobalSection
EndGlobal
